
Microsoft Visual Studio Solution File, Format Version 12.00
# Visual Studio Version 17
VisualStudioVersion = 17.7.34031.279
MinimumVisualStudioVersion = 10.0.40219.1
Project("{9A19103F-16F7-4668-BE54-9A1E7A4F7556}") = "UI.Web", "UI.Web.csproj", "{118031A9-F0D6-469E-9A6D-D2F9026C8523}"
EndProject
Project("{9A19103F-16F7-4668-BE54-9A1E7A4F7556}") = "Core", "..\Core\Core.csproj", "{9A9F3301-8E24-4F2D-ADE5-62D36D33E7CF}"
EndProject
Project("{9A19103F-16F7-4668-BE54-9A1E7A4F7556}") = "ToDo.Data", "..\ToDo.Data\ToDo.Data.csproj", "{03E5BA92-B651-4E74-BD00-2D29BB0E7642}"
EndProject
Project("{9A19103F-16F7-4668-BE54-9A1E7A4F7556}") = "Framework", "..\Framework\Framework.csproj", "{600E365D-008E-419B-A188-5696FA8D77CB}"
EndProject
Project("{9A19103F-16F7-4668-BE54-9A1E7A4F7556}") = "Core.Tests", "..\Core.Tests\Core.Tests.csproj", "{0FADC88F-F46F-4BF3-BEB4-124BF1F10D26}"
EndProject
Project("{FAE04EC0-301F-11D3-BF4B-00C04F79EFBC}") = "Framework.Tests", "..\Framework.Tests\Framework.Tests.csproj", "{747FE1DD-98CD-4934-9ADC-1F4050B9C496}"
EndProject
Global
	GlobalSection(SolutionConfigurationPlatforms) = preSolution
		Debug|Any CPU = Debug|Any CPU
		Release|Any CPU = Release|Any CPU
	EndGlobalSection
	GlobalSection(ProjectConfigurationPlatforms) = postSolution
		{118031A9-F0D6-469E-9A6D-D2F9026C8523}.Debug|Any CPU.ActiveCfg = Debug|Any CPU
		{118031A9-F0D6-469E-9A6D-D2F9026C8523}.Debug|Any CPU.Build.0 = Debug|Any CPU
		{118031A9-F0D6-469E-9A6D-D2F9026C8523}.Release|Any CPU.ActiveCfg = Release|Any CPU
		{118031A9-F0D6-469E-9A6D-D2F9026C8523}.Release|Any CPU.Build.0 = Release|Any CPU
		{9A9F3301-8E24-4F2D-ADE5-62D36D33E7CF}.Debug|Any CPU.ActiveCfg = Debug|Any CPU
		{9A9F3301-8E24-4F2D-ADE5-62D36D33E7CF}.Debug|Any CPU.Build.0 = Debug|Any CPU
		{9A9F3301-8E24-4F2D-ADE5-62D36D33E7CF}.Release|Any CPU.ActiveCfg = Release|Any CPU
		{9A9F3301-8E24-4F2D-ADE5-62D36D33E7CF}.Release|Any CPU.Build.0 = Release|Any CPU
		{03E5BA92-B651-4E74-BD00-2D29BB0E7642}.Debug|Any CPU.ActiveCfg = Debug|Any CPU
		{03E5BA92-B651-4E74-BD00-2D29BB0E7642}.Debug|Any CPU.Build.0 = Debug|Any CPU
		{03E5BA92-B651-4E74-BD00-2D29BB0E7642}.Release|Any CPU.ActiveCfg = Release|Any CPU
		{03E5BA92-B651-4E74-BD00-2D29BB0E7642}.Release|Any CPU.Build.0 = Release|Any CPU
		{600E365D-008E-419B-A188-5696FA8D77CB}.Debug|Any CPU.ActiveCfg = Debug|Any CPU
		{600E365D-008E-419B-A188-5696FA8D77CB}.Debug|Any CPU.Build.0 = Debug|Any CPU
		{600E365D-008E-419B-A188-5696FA8D77CB}.Release|Any CPU.ActiveCfg = Release|Any CPU
		{600E365D-008E-419B-A188-5696FA8D77CB}.Release|Any CPU.Build.0 = Release|Any CPU
		{0FADC88F-F46F-4BF3-BEB4-124BF1F10D26}.Debug|Any CPU.ActiveCfg = Debug|Any CPU
		{0FADC88F-F46F-4BF3-BEB4-124BF1F10D26}.Debug|Any CPU.Build.0 = Debug|Any CPU
		{0FADC88F-F46F-4BF3-BEB4-124BF1F10D26}.Release|Any CPU.ActiveCfg = Release|Any CPU
		{0FADC88F-F46F-4BF3-BEB4-124BF1F10D26}.Release|Any CPU.Build.0 = Release|Any CPU
		{747FE1DD-98CD-4934-9ADC-1F4050B9C496}.Debug|Any CPU.ActiveCfg = Debug|Any CPU
		{747FE1DD-98CD-4934-9ADC-1F4050B9C496}.Debug|Any CPU.Build.0 = Debug|Any CPU
		{747FE1DD-98CD-4934-9ADC-1F4050B9C496}.Release|Any CPU.ActiveCfg = Release|Any CPU
		{747FE1DD-98CD-4934-9ADC-1F4050B9C496}.Release|Any CPU.Build.0 = Release|Any CPU
	EndGlobalSection
	GlobalSection(SolutionProperties) = preSolution
		HideSolutionNode = FALSE
	EndGlobalSection
	GlobalSection(ExtensibilityGlobals) = postSolution
		SolutionGuid = {82DD8CCB-FD2B-4160-91C6-E4B406BDF932}
	EndGlobalSection
EndGlobal
